// !$*UTF8*$!
{
	archiveVersion = 1;
	classes = {
	};
	objectVersion = 50;
	objects = {

/* Begin PBXBuildFile section */
		D29C77B225A6A09200DDB714 /* Card.swift in Sources */ = {isa = PBXBuildFile; fileRef = D2D862D425A5E833005F3C64 /* Card.swift */; };
		D29C77B525A6AE5400DDB714 /* CardDeck.swift in Sources */ = {isa = PBXBuildFile; fileRef = D2D862D825A5EAB7005F3C64 /* CardDeck.swift */; };
		D2D862B525A5B407005F3C64 /* main.swift in Sources */ = {isa = PBXBuildFile; fileRef = D2D862B425A5B407005F3C64 /* main.swift */; };
		D2D862C525A5BD68005F3C64 /* CardAndDeckTest.swift in Sources */ = {isa = PBXBuildFile; fileRef = D2D862C425A5BD68005F3C64 /* CardAndDeckTest.swift */; };
		D2D862D125A5BFD8005F3C64 /* main.swift in Sources */ = {isa = PBXBuildFile; fileRef = D2D862B425A5B407005F3C64 /* main.swift */; };
		D2D862D525A5E833005F3C64 /* Card.swift in Sources */ = {isa = PBXBuildFile; fileRef = D2D862D425A5E833005F3C64 /* Card.swift */; };
		D2D862D925A5EAB7005F3C64 /* CardDeck.swift in Sources */ = {isa = PBXBuildFile; fileRef = D2D862D825A5EAB7005F3C64 /* CardDeck.swift */; };
/* End PBXBuildFile section */

/* Begin PBXCopyFilesBuildPhase section */
		D2D862AF25A5B407005F3C64 /* CopyFiles */ = {
			isa = PBXCopyFilesBuildPhase;
			buildActionMask = 2147483647;
			dstPath = /usr/share/man/man1/;
			dstSubfolderSpec = 0;
			files = (
			);
			runOnlyForDeploymentPostprocessing = 1;
		};
/* End PBXCopyFilesBuildPhase section */

/* Begin PBXFileReference section */
		D2D862B125A5B407005F3C64 /* PockerApp */ = {isa = PBXFileReference; explicitFileType = "compiled.mach-o.executable"; includeInIndex = 0; path = PockerApp; sourceTree = BUILT_PRODUCTS_DIR; };
		D2D862B425A5B407005F3C64 /* main.swift */ = {isa = PBXFileReference; lastKnownFileType = sourcecode.swift; path = main.swift; sourceTree = "<group>"; };
		D2D862C225A5BD68005F3C64 /* TestToolsTest.xctest */ = {isa = PBXFileReference; explicitFileType = wrapper.cfbundle; includeInIndex = 0; path = TestToolsTest.xctest; sourceTree = BUILT_PRODUCTS_DIR; };
		D2D862C425A5BD68005F3C64 /* CardAndDeckTest.swift */ = {isa = PBXFileReference; lastKnownFileType = sourcecode.swift; path = CardAndDeckTest.swift; sourceTree = "<group>"; };
		D2D862C625A5BD68005F3C64 /* Info.plist */ = {isa = PBXFileReference; lastKnownFileType = text.plist.xml; path = Info.plist; sourceTree = "<group>"; };
		D2D862D425A5E833005F3C64 /* Card.swift */ = {isa = PBXFileReference; lastKnownFileType = sourcecode.swift; path = Card.swift; sourceTree = "<group>"; };
		D2D862D825A5EAB7005F3C64 /* CardDeck.swift */ = {isa = PBXFileReference; lastKnownFileType = sourcecode.swift; path = CardDeck.swift; sourceTree = "<group>"; };
/* End PBXFileReference section */

/* Begin PBXFrameworksBuildPhase section */
		D2D862AE25A5B407005F3C64 /* Frameworks */ = {
			isa = PBXFrameworksBuildPhase;
			buildActionMask = 2147483647;
			files = (
			);
			runOnlyForDeploymentPostprocessing = 0;
		};
		D2D862BF25A5BD68005F3C64 /* Frameworks */ = {
			isa = PBXFrameworksBuildPhase;
			buildActionMask = 2147483647;
			files = (
			);
			runOnlyForDeploymentPostprocessing = 0;
		};
/* End PBXFrameworksBuildPhase section */

/* Begin PBXGroup section */
		D2D862A825A5B407005F3C64 = {
			isa = PBXGroup;
			children = (
				D2D862B325A5B407005F3C64 /* PockerApp */,
				D2D862C325A5BD68005F3C64 /* TestToolsTest */,
				D2D862B225A5B407005F3C64 /* Products */,
			);
			sourceTree = "<group>";
		};
		D2D862B225A5B407005F3C64 /* Products */ = {
			isa = PBXGroup;
			children = (
				D2D862B125A5B407005F3C64 /* PockerApp */,
				D2D862C225A5BD68005F3C64 /* TestToolsTest.xctest */,
			);
			name = Products;
			sourceTree = "<group>";
		};
		D2D862B325A5B407005F3C64 /* PockerApp */ = {
			isa = PBXGroup;
			children = (
				D2D862B425A5B407005F3C64 /* main.swift */,
				D2D862D425A5E833005F3C64 /* Card.swift */,
				D2D862D825A5EAB7005F3C64 /* CardDeck.swift */,
			);
			path = PockerApp;
			sourceTree = "<group>";
		};
		D2D862C325A5BD68005F3C64 /* TestToolsTest */ = {
			isa = PBXGroup;
			children = (
				D2D862C425A5BD68005F3C64 /* CardAndDeckTest.swift */,
				D2D862C625A5BD68005F3C64 /* Info.plist */,
			);
			path = TestToolsTest;
			sourceTree = "<group>";
		};
/* End PBXGroup section */

/* Begin PBXNativeTarget section */
		D2D862B025A5B407005F3C64 /* PockerApp */ = {
			isa = PBXNativeTarget;
			buildConfigurationList = D2D862B825A5B407005F3C64 /* Build configuration list for PBXNativeTarget "PockerApp" */;
			buildPhases = (
				D2D862AD25A5B407005F3C64 /* Sources */,
				D2D862AE25A5B407005F3C64 /* Frameworks */,
				D2D862AF25A5B407005F3C64 /* CopyFiles */,
			);
			buildRules = (
			);
			dependencies = (
			);
			name = PockerApp;
			productName = PockerApp;
			productReference = D2D862B125A5B407005F3C64 /* PockerApp */;
			productType = "com.apple.product-type.tool";
		};
		D2D862C125A5BD68005F3C64 /* TestToolsTest */ = {
			isa = PBXNativeTarget;
			buildConfigurationList = D2D862C725A5BD68005F3C64 /* Build configuration list for PBXNativeTarget "TestToolsTest" */;
			buildPhases = (
				D2D862BE25A5BD68005F3C64 /* Sources */,
				D2D862BF25A5BD68005F3C64 /* Frameworks */,
				D2D862C025A5BD68005F3C64 /* Resources */,
			);
			buildRules = (
			);
			dependencies = (
			);
			name = TestToolsTest;
			productName = TestToolsTest;
			productReference = D2D862C225A5BD68005F3C64 /* TestToolsTest.xctest */;
			productType = "com.apple.product-type.bundle.unit-test";
		};
/* End PBXNativeTarget section */

/* Begin PBXProject section */
		D2D862A925A5B407005F3C64 /* Project object */ = {
			isa = PBXProject;
			attributes = {
				LastSwiftUpdateCheck = 1230;
				LastUpgradeCheck = 1230;
				TargetAttributes = {
					D2D862B025A5B407005F3C64 = {
						CreatedOnToolsVersion = 12.3;
					};
					D2D862C125A5BD68005F3C64 = {
						CreatedOnToolsVersion = 12.3;
					};
				};
			};
			buildConfigurationList = D2D862AC25A5B407005F3C64 /* Build configuration list for PBXProject "PockerApp" */;
			compatibilityVersion = "Xcode 9.3";
			developmentRegion = en;
			hasScannedForEncodings = 0;
			knownRegions = (
				en,
				Base,
			);
			mainGroup = D2D862A825A5B407005F3C64;
			productRefGroup = D2D862B225A5B407005F3C64 /* Products */;
			projectDirPath = "";
			projectRoot = "";
			targets = (
				D2D862B025A5B407005F3C64 /* PockerApp */,
				D2D862C125A5BD68005F3C64 /* TestToolsTest */,
			);
		};
/* End PBXProject section */

/* Begin PBXResourcesBuildPhase section */
		D2D862C025A5BD68005F3C64 /* Resources */ = {
			isa = PBXResourcesBuildPhase;
			buildActionMask = 2147483647;
			files = (
			);
			runOnlyForDeploymentPostprocessing = 0;
		};
/* End PBXResourcesBuildPhase section */

/* Begin PBXSourcesBuildPhase section */
		D2D862AD25A5B407005F3C64 /* Sources */ = {
			isa = PBXSourcesBuildPhase;
			buildActionMask = 2147483647;
			files = (
				D2D862D925A5EAB7005F3C64 /* CardDeck.swift in Sources */,
				D2D862B525A5B407005F3C64 /* main.swift in Sources */,
				D2D862D525A5E833005F3C64 /* Card.swift in Sources */,
			);
			runOnlyForDeploymentPostprocessing = 0;
		};
		D2D862BE25A5BD68005F3C64 /* Sources */ = {
			isa = PBXSourcesBuildPhase;
			buildActionMask = 2147483647;
			files = (
				D2D862D125A5BFD8005F3C64 /* main.swift in Sources */,
				D29C77B225A6A09200DDB714 /* Card.swift in Sources */,
				D29C77B525A6AE5400DDB714 /* CardDeck.swift in Sources */,
				D2D862C525A5BD68005F3C64 /* CardAndDeckTest.swift in Sources */,
			);
			runOnlyForDeploymentPostprocessing = 0;
		};
/* End PBXSourcesBuildPhase section */

/* Begin XCBuildConfiguration section */
		D2D862B625A5B407005F3C64 /* Debug */ = {
			isa = XCBuildConfiguration;
			buildSettings = {
				ALWAYS_SEARCH_USER_PATHS = NO;
				CLANG_ANALYZER_NONNULL = YES;
				CLANG_ANALYZER_NUMBER_OBJECT_CONVERSION = YES_AGGRESSIVE;
				CLANG_CXX_LANGUAGE_STANDARD = "gnu++14";
				CLANG_CXX_LIBRARY = "libc++";
				CLANG_ENABLE_MODULES = YES;
				CLANG_ENABLE_OBJC_ARC = YES;
				CLANG_ENABLE_OBJC_WEAK = YES;
				CLANG_WARN_BLOCK_CAPTURE_AUTORELEASING = YES;
				CLANG_WARN_BOOL_CONVERSION = YES;
				CLANG_WARN_COMMA = YES;
				CLANG_WARN_CONSTANT_CONVERSION = YES;
				CLANG_WARN_DEPRECATED_OBJC_IMPLEMENTATIONS = YES;
				CLANG_WARN_DIRECT_OBJC_ISA_USAGE = YES_ERROR;
				CLANG_WARN_DOCUMENTATION_COMMENTS = YES;
				CLANG_WARN_EMPTY_BODY = YES;
				CLANG_WARN_ENUM_CONVERSION = YES;
				CLANG_WARN_INFINITE_RECURSION = YES;
				CLANG_WARN_INT_CONVERSION = YES;
				CLANG_WARN_NON_LITERAL_NULL_CONVERSION = YES;
				CLANG_WARN_OBJC_IMPLICIT_RETAIN_SELF = YES;
				CLANG_WARN_OBJC_LITERAL_CONVERSION = YES;
				CLANG_WARN_OBJC_ROOT_CLASS = YES_ERROR;
				CLANG_WARN_QUOTED_INCLUDE_IN_FRAMEWORK_HEADER = YES;
				CLANG_WARN_RANGE_LOOP_ANALYSIS = YES;
				CLANG_WARN_STRICT_PROTOTYPES = YES;
				CLANG_WARN_SUSPICIOUS_MOVE = YES;
				CLANG_WARN_UNGUARDED_AVAILABILITY = YES_AGGRESSIVE;
				CLANG_WARN_UNREACHABLE_CODE = YES;
				CLANG_WARN__DUPLICATE_METHOD_MATCH = YES;
				COPY_PHASE_STRIP = NO;
				DEBUG_INFORMATION_FORMAT = dwarf;
				ENABLE_STRICT_OBJC_MSGSEND = YES;
				ENABLE_TESTABILITY = YES;
				GCC_C_LANGUAGE_STANDARD = gnu11;
				GCC_DYNAMIC_NO_PIC = NO;
				GCC_NO_COMMON_BLOCKS = YES;
				GCC_OPTIMIZATION_LEVEL = 0;
				GCC_PREPROCESSOR_DEFINITIONS = (
					"DEBUG=1",
					"$(inherited)",
				);
				GCC_WARN_64_TO_32_BIT_CONVERSION = YES;
				GCC_WARN_ABOUT_RETURN_TYPE = YES_ERROR;
				GCC_WARN_UNDECLARED_SELECTOR = YES;
				GCC_WARN_UNINITIALIZED_AUTOS = YES_AGGRESSIVE;
				GCC_WARN_UNUSED_FUNCTION = YES;
				GCC_WARN_UNUSED_VARIABLE = YES;
				MACOSX_DEPLOYMENT_TARGET = 10.15;
				MTL_ENABLE_DEBUG_INFO = INCLUDE_SOURCE;
				MTL_FAST_MATH = YES;
				ONLY_ACTIVE_ARCH = YES;
				SDKROOT = macosx;
				SWIFT_ACTIVE_COMPILATION_CONDITIONS = DEBUG;
				SWIFT_OPTIMIZATION_LEVEL = "-Onone";
			};
			name = Debug;
		};
		D2D862B725A5B407005F3C64 /* Release */ = {
			isa = XCBuildConfiguration;
			buildSettings = {
				ALWAYS_SEARCH_USER_PATHS = NO;
				CLANG_ANALYZER_NONNULL = YES;
				CLANG_ANALYZER_NUMBER_OBJECT_CONVERSION = YES_AGGRESSIVE;
				CLANG_CXX_LANGUAGE_STANDARD = "gnu++14";
				CLANG_CXX_LIBRARY = "libc++";
				CLANG_ENABLE_MODULES = YES;
				CLANG_ENABLE_OBJC_ARC = YES;
				CLANG_ENABLE_OBJC_WEAK = YES;
				CLANG_WARN_BLOCK_CAPTURE_AUTORELEASING = YES;
				CLANG_WARN_BOOL_CONVERSION = YES;
				CLANG_WARN_COMMA = YES;
				CLANG_WARN_CONSTANT_CONVERSION = YES;
				CLANG_WARN_DEPRECATED_OBJC_IMPLEMENTATIONS = YES;
				CLANG_WARN_DIRECT_OBJC_ISA_USAGE = YES_ERROR;
				CLANG_WARN_DOCUMENTATION_COMMENTS = YES;
				CLANG_WARN_EMPTY_BODY = YES;
				CLANG_WARN_ENUM_CONVERSION = YES;
				CLANG_WARN_INFINITE_RECURSION = YES;
				CLANG_WARN_INT_CONVERSION = YES;
				CLANG_WARN_NON_LITERAL_NULL_CONVERSION = YES;
				CLANG_WARN_OBJC_IMPLICIT_RETAIN_SELF = YES;
				CLANG_WARN_OBJC_LITERAL_CONVERSION = YES;
				CLANG_WARN_OBJC_ROOT_CLASS = YES_ERROR;
				CLANG_WARN_QUOTED_INCLUDE_IN_FRAMEWORK_HEADER = YES;
				CLANG_WARN_RANGE_LOOP_ANALYSIS = YES;
				CLANG_WARN_STRICT_PROTOTYPES = YES;
				CLANG_WARN_SUSPICIOUS_MOVE = YES;
				CLANG_WARN_UNGUARDED_AVAILABILITY = YES_AGGRESSIVE;
				CLANG_WARN_UNREACHABLE_CODE = YES;
				CLANG_WARN__DUPLICATE_METHOD_MATCH = YES;
				COPY_PHASE_STRIP = NO;
				DEBUG_INFORMATION_FORMAT = "dwarf-with-dsym";
				ENABLE_NS_ASSERTIONS = NO;
				ENABLE_STRICT_OBJC_MSGSEND = YES;
				GCC_C_LANGUAGE_STANDARD = gnu11;
				GCC_NO_COMMON_BLOCKS = YES;
				GCC_WARN_64_TO_32_BIT_CONVERSION = YES;
				GCC_WARN_ABOUT_RETURN_TYPE = YES_ERROR;
				GCC_WARN_UNDECLARED_SELECTOR = YES;
				GCC_WARN_UNINITIALIZED_AUTOS = YES_AGGRESSIVE;
				GCC_WARN_UNUSED_FUNCTION = YES;
				GCC_WARN_UNUSED_VARIABLE = YES;
				MACOSX_DEPLOYMENT_TARGET = 10.15;
				MTL_ENABLE_DEBUG_INFO = NO;
				MTL_FAST_MATH = YES;
				SDKROOT = macosx;
				SWIFT_COMPILATION_MODE = wholemodule;
				SWIFT_OPTIMIZATION_LEVEL = "-O";
			};
			name = Release;
		};
		D2D862B925A5B407005F3C64 /* Debug */ = {
			isa = XCBuildConfiguration;
			buildSettings = {
				CODE_SIGN_STYLE = Automatic;
				PRODUCT_NAME = "$(TARGET_NAME)";
				SWIFT_VERSION = 5.0;
			};
			name = Debug;
		};
		D2D862BA25A5B407005F3C64 /* Release */ = {
			isa = XCBuildConfiguration;
			buildSettings = {
				CODE_SIGN_STYLE = Automatic;
				PRODUCT_NAME = "$(TARGET_NAME)";
				SWIFT_VERSION = 5.0;
			};
			name = Release;
		};
		D2D862C825A5BD68005F3C64 /* Debug */ = {
			isa = XCBuildConfiguration;
			buildSettings = {
				CODE_SIGN_STYLE = Automatic;
				COMBINE_HIDPI_IMAGES = YES;
				INFOPLIST_FILE = TestToolsTest/Info.plist;
				LD_RUNPATH_SEARCH_PATHS = (
					"$(inherited)",
					"@executable_path/../Frameworks",
					"@loader_path/../Frameworks",
				);
				PRODUCT_BUNDLE_IDENTIFIER = com.kakaocorp.TestToolsTest;
				PRODUCT_NAME = "$(TARGET_NAME)";
				SWIFT_VERSION = 5.0;
			};
			name = Debug;
		};
		D2D862C925A5BD68005F3C64 /* Release */ = {
			isa = XCBuildConfiguration;
			buildSettings = {
				CODE_SIGN_STYLE = Automatic;
				COMBINE_HIDPI_IMAGES = YES;
				INFOPLIST_FILE = TestToolsTest/Info.plist;
				LD_RUNPATH_SEARCH_PATHS = (
					"$(inherited)",
					"@executable_path/../Frameworks",
					"@loader_path/../Frameworks",
				);
				PRODUCT_BUNDLE_IDENTIFIER = com.kakaocorp.TestToolsTest;
				PRODUCT_NAME = "$(TARGET_NAME)";
				SWIFT_VERSION = 5.0;
			};
			name = Release;
		};
/* End XCBuildConfiguration section */

/* Begin XCConfigurationList section */
		D2D862AC25A5B407005F3C64 /* Build configuration list for PBXProject "PockerApp" */ = {
			isa = XCConfigurationList;
			buildConfigurations = (
				D2D862B625A5B407005F3C64 /* Debug */,
				D2D862B725A5B407005F3C64 /* Release */,
			);
			defaultConfigurationIsVisible = 0;
			defaultConfigurationName = Release;
		};
		D2D862B825A5B407005F3C64 /* Build configuration list for PBXNativeTarget "PockerApp" */ = {
			isa = XCConfigurationList;
			buildConfigurations = (
				D2D862B925A5B407005F3C64 /* Debug */,
				D2D862BA25A5B407005F3C64 /* Release */,
			);
			defaultConfigurationIsVisible = 0;
			defaultConfigurationName = Release;
		};
		D2D862C725A5BD68005F3C64 /* Build configuration list for PBXNativeTarget "TestToolsTest" */ = {
			isa = XCConfigurationList;
			buildConfigurations = (
				D2D862C825A5BD68005F3C64 /* Debug */,
				D2D862C925A5BD68005F3C64 /* Release */,
			);
			defaultConfigurationIsVisible = 0;
			defaultConfigurationName = Release;
		};
/* End XCConfigurationList section */
	};
	rootObject = D2D862A925A5B407005F3C64 /* Project object */;
}
